
Microsoft Visual Studio Solution File, Format Version 12.00
# Visual Studio 15
VisualStudioVersion = 15.0.28307.1145
MinimumVisualStudioVersion = 10.0.40219.1
Project("{9A19103F-16F7-4668-BE54-9A1E7A4F7556}") = "Edura.WebUI", "MEA.WebUI\Edura.WebUI.csproj", "{25BB3FD2-9FA0-4C63-B334-35D12C22CF40}"
EndProject
Global
	GlobalSection(SolutionConfigurationPlatforms) = preSolution
		Debug|Any CPU = Debug|Any CPU
		Release|Any CPU = Release|Any CPU
	EndGlobalSection
	GlobalSection(ProjectConfigurationPlatforms) = postSolution
		{25BB3FD2-9FA0-4C63-B334-35D12C22CF40}.Debug|Any CPU.ActiveCfg = Debug|Any CPU
		{25BB3FD2-9FA0-4C63-B334-35D12C22CF40}.Debug|Any CPU.Build.0 = Debug|Any CPU
		{25BB3FD2-9FA0-4C63-B334-35D12C22CF40}.Release|Any CPU.ActiveCfg = Release|Any CPU
		{25BB3FD2-9FA0-4C63-B334-35D12C22CF40}.Release|Any CPU.Build.0 = Release|Any CPU
	EndGlobalSection
	GlobalSection(SolutionProperties) = preSolution
		HideSolutionNode = FALSE
	EndGlobalSection
	GlobalSection(ExtensibilityGlobals) = postSolution
		SolutionGuid = {B0FEC467-7D8C-4506-A9E9-EC8ED5C6E2F0}
	EndGlobalSection
EndGlobal
